
Microsoft Visual Studio Solution File, Format Version 12.00
# Visual Studio Version 16
VisualStudioVersion = 16.0.30330.147
MinimumVisualStudioVersion = 10.0.40219.1
Project("{9A19103F-16F7-4668-BE54-9A1E7A4F7556}") = "EmployeeDB-WebApi", "EmployeeDB-WenApi\EmployeeDB-WebApi.csproj", "{B25D683A-AF3D-40E0-825A-08E2FA993D63}"
EndProject
Project("{00D1A9C2-B5F0-4AF3-8072-F6C62B433612}") = "LocalDB", "EmployeeDB\LocalDB.sqlproj", "{21B7B234-3A66-4528-A8C0-5A686518D643}"
EndProject
Project("{FAE04EC0-301F-11D3-BF4B-00C04F79EFBC}") = "NUnitTestProject", "NUnitTestProject\NUnitTestProject.csproj", "{5250C858-A842-49FD-B7B5-074C8848EEBE}"
EndProject
Global
	GlobalSection(SolutionConfigurationPlatforms) = preSolution
		Debug|Any CPU = Debug|Any CPU
		Release|Any CPU = Release|Any CPU
	EndGlobalSection
	GlobalSection(ProjectConfigurationPlatforms) = postSolution
		{B25D683A-AF3D-40E0-825A-08E2FA993D63}.Debug|Any CPU.ActiveCfg = Debug|Any CPU
		{B25D683A-AF3D-40E0-825A-08E2FA993D63}.Debug|Any CPU.Build.0 = Debug|Any CPU
		{B25D683A-AF3D-40E0-825A-08E2FA993D63}.Release|Any CPU.ActiveCfg = Release|Any CPU
		{B25D683A-AF3D-40E0-825A-08E2FA993D63}.Release|Any CPU.Build.0 = Release|Any CPU
		{21B7B234-3A66-4528-A8C0-5A686518D643}.Debug|Any CPU.ActiveCfg = Debug|Any CPU
		{21B7B234-3A66-4528-A8C0-5A686518D643}.Debug|Any CPU.Build.0 = Debug|Any CPU
		{21B7B234-3A66-4528-A8C0-5A686518D643}.Debug|Any CPU.Deploy.0 = Debug|Any CPU
		{21B7B234-3A66-4528-A8C0-5A686518D643}.Release|Any CPU.ActiveCfg = Release|Any CPU
		{21B7B234-3A66-4528-A8C0-5A686518D643}.Release|Any CPU.Build.0 = Release|Any CPU
		{21B7B234-3A66-4528-A8C0-5A686518D643}.Release|Any CPU.Deploy.0 = Release|Any CPU
		{5250C858-A842-49FD-B7B5-074C8848EEBE}.Debug|Any CPU.ActiveCfg = Debug|Any CPU
		{5250C858-A842-49FD-B7B5-074C8848EEBE}.Debug|Any CPU.Build.0 = Debug|Any CPU
		{5250C858-A842-49FD-B7B5-074C8848EEBE}.Release|Any CPU.ActiveCfg = Release|Any CPU
		{5250C858-A842-49FD-B7B5-074C8848EEBE}.Release|Any CPU.Build.0 = Release|Any CPU
	EndGlobalSection
	GlobalSection(SolutionProperties) = preSolution
		HideSolutionNode = FALSE
	EndGlobalSection
	GlobalSection(ExtensibilityGlobals) = postSolution
		SolutionGuid = {EB014B60-5471-41BC-B64E-4C45B4D6645F}
	EndGlobalSection
EndGlobal
